
Microsoft Visual Studio Solution File, Format Version 12.00
# Visual Studio Version 17
VisualStudioVersion = 17.6.33723.286
MinimumVisualStudioVersion = 10.0.40219.1
Project("{FAE04EC0-301F-11D3-BF4B-00C04F79EFBC}") = "Boxon.Assessment.Task", "Boxon.Assessment.Task\Boxon.Assessment.Task.csproj", "{09BA6687-B409-46A5-89A2-BF15C07094DF}"
EndProject
Global
	GlobalSection(SolutionConfigurationPlatforms) = preSolution
		Debug|Any CPU = Debug|Any CPU
		Release|Any CPU = Release|Any CPU
	EndGlobalSection
	GlobalSection(ProjectConfigurationPlatforms) = postSolution
		{09BA6687-B409-46A5-89A2-BF15C07094DF}.Debug|Any CPU.ActiveCfg = Debug|Any CPU
		{09BA6687-B409-46A5-89A2-BF15C07094DF}.Debug|Any CPU.Build.0 = Debug|Any CPU
		{09BA6687-B409-46A5-89A2-BF15C07094DF}.Release|Any CPU.ActiveCfg = Release|Any CPU
		{09BA6687-B409-46A5-89A2-BF15C07094DF}.Release|Any CPU.Build.0 = Release|Any CPU
	EndGlobalSection
	GlobalSection(SolutionProperties) = preSolution
		HideSolutionNode = FALSE
	EndGlobalSection
	GlobalSection(ExtensibilityGlobals) = postSolution
		SolutionGuid = {0A2956F9-729F-42C5-9ABC-7452F57E3D47}
	EndGlobalSection
EndGlobal
